
Microsoft Visual Studio Solution File, Format Version 12.00
# Visual Studio Version 16
VisualStudioVersion = 16.0.31129.286
MinimumVisualStudioVersion = 10.0.40219.1
Project("{FAE04EC0-301F-11D3-BF4B-00C04F79EFBC}") = "Project", "Project\Project.csproj", "{F6E98F15-63CE-4B3A-A35D-DECE99FAFCA3}"
EndProject
Global
	GlobalSection(SolutionConfigurationPlatforms) = preSolution
		Debug|Any CPU = Debug|Any CPU
		Release|Any CPU = Release|Any CPU
	EndGlobalSection
	GlobalSection(ProjectConfigurationPlatforms) = postSolution
		{F6E98F15-63CE-4B3A-A35D-DECE99FAFCA3}.Debug|Any CPU.ActiveCfg = Debug|Any CPU
		{F6E98F15-63CE-4B3A-A35D-DECE99FAFCA3}.Debug|Any CPU.Build.0 = Debug|Any CPU
		{F6E98F15-63CE-4B3A-A35D-DECE99FAFCA3}.Release|Any CPU.ActiveCfg = Release|Any CPU
		{F6E98F15-63CE-4B3A-A35D-DECE99FAFCA3}.Release|Any CPU.Build.0 = Release|Any CPU
	EndGlobalSection
	GlobalSection(SolutionProperties) = preSolution
		HideSolutionNode = FALSE
	EndGlobalSection
	GlobalSection(ExtensibilityGlobals) = postSolution
		SolutionGuid = {935BBCBE-8714-42E6-9B62-A33AEC7CB724}
	EndGlobalSection
EndGlobal
